<?xml version="1.0" encoding="utf-8"?>
<Project ToolsVersion="4.0" xmlns="http://schemas.microsoft.com/developer/msbuild/2003">
  <ItemGroup>
    <Filter Include="Source Files">
      <UniqueIdentifier>{4FC737F1-C7A5-4376-A066-2A32D752A2FF}</UniqueIdentifier>
      <Extensions>cpp;cxx;c;def</Extensions>
    </Filter>
    <Filter Include="Header Files">
      <UniqueIdentifier>{93995380-89BD-4b04-88EB-625FBE52EBFB}</UniqueIdentifier>
      <Extensions>h</Extensions>
    </Filter>
    <Filter Include="Form Files">
      <UniqueIdentifier>{99349809-55BA-4b9d-BF79-8FDBB0286EB3}</UniqueIdentifier>
      <Extensions>ui</Extensions>
    </Filter>
    <Filter Include="Resource Files">
      <UniqueIdentifier>{D9D6E242-F8AF-46E4-B9FD-80ECBC20BA3E}</UniqueIdentifier>
      <Extensions>qrc;*</Extensions>
      <ParseFiles>false</ParseFiles>
    </Filter>
    <Filter Include="Generated Files">
      <UniqueIdentifier>{71ED8ED8-ACB9-4CE9-BBE1-E00B30144E11}</UniqueIdentifier>
      <Extensions>moc;h;cpp</Extensions>
      <SourceControlFiles>False</SourceControlFiles>
    </Filter>
    <Filter Include="Generated Files\Debug">
      <UniqueIdentifier>{f6c550eb-62b6-4659-9d4f-4959cd8e5c80}</UniqueIdentifier>
      <Extensions>cpp;moc</Extensions>
      <SourceControlFiles>False</SourceControlFiles>
    </Filter>
    <Filter Include="Generated Files\Release">
      <UniqueIdentifier>{148aae0c-5527-4718-a605-3024eaf34fd5}</UniqueIdentifier>
      <Extensions>cpp;moc</Extensions>
      <SourceControlFiles>False</SourceControlFiles>
    </Filter>
  </ItemGroup>
  <ItemGroup>
    <ClCompile Include="main.cpp">
      <Filter>Source Files</Filter>
    </ClCompile>
    <ClCompile Include="signdetectorapp.cpp">
      <Filter>Source Files</Filter>
    </ClCompile>
    <ClCompile Include="GeneratedFiles\Debug\moc_signdetectorapp.cpp">
      <Filter>Generated Files\Debug</Filter>
    </ClCompile>
    <ClCompile Include="GeneratedFiles\Release\moc_signdetectorapp.cpp">
      <Filter>Generated Files\Release</Filter>
    </ClCompile>
    <ClCompile Include="GeneratedFiles\qrc_signdetectorapp.cpp">
      <Filter>Generated Files</Filter>
    </ClCompile>
    <ClCompile Include="Classifier.cpp">
      <Filter>Source Files</Filter>
    </ClCompile>
    <ClCompile Include="ComputeROI.cpp">
      <Filter>Source Files</Filter>
    </ClCompile>
    <ClCompile Include="FeaturesFinder.cpp">
      <Filter>Source Files</Filter>
    </ClCompile>
    <ClCompile Include="IPM.cpp">
      <Filter>Source Files</Filter>
    </ClCompile>
    <ClCompile Include="LineDetection.cpp">
      <Filter>Source Files</Filter>
    </ClCompile>
    <ClCompile Include="NeuralNet.cpp">
      <Filter>Source Files</Filter>
    </ClCompile>
    <ClCompile Include="reduce2Road.cpp">
      <Filter>Source Files</Filter>
    </ClCompile>
    <ClCompile Include="Reduce2ROI.cpp">
      <Filter>Source Files</Filter>
    </ClCompile>
    <ClCompile Include="SignDetector.cpp">
      <Filter>Source Files</Filter>
    </ClCompile>
    <ClCompile Include="TrainingData.cpp">
      <Filter>Source Files</Filter>
    </ClCompile>
    <ClCompile Include="MainClass.cpp">
      <Filter>Source Files</Filter>
    </ClCompile>
    <ClCompile Include="QTTerminal.cpp">
      <Filter>Source Files</Filter>
    </ClCompile>
    <ClCompile Include="QOpenGLWCustom.cpp">
      <Filter>Source Files</Filter>
    </ClCompile>
  </ItemGroup>
  <ItemGroup>
    <CustomBuild Include="signdetectorapp.h">
      <Filter>Header Files</Filter>
    </CustomBuild>
    <CustomBuild Include="signdetectorapp.ui">
      <Filter>Form Files</Filter>
    </CustomBuild>
    <CustomBuild Include="signdetectorapp.qrc">
      <Filter>Resource Files</Filter>
    </CustomBuild>
  </ItemGroup>
  <ItemGroup>
    <ClInclude Include="GeneratedFiles\ui_signdetectorapp.h">
      <Filter>Generated Files</Filter>
    </ClInclude>
    <ClInclude Include="Classifier.h">
      <Filter>Header Files</Filter>
    </ClInclude>
    <ClInclude Include="ComputeROI.h">
      <Filter>Header Files</Filter>
    </ClInclude>
    <ClInclude Include="FeaturesFinder.h">
      <Filter>Header Files</Filter>
    </ClInclude>
    <ClInclude Include="IPM.h">
      <Filter>Header Files</Filter>
    </ClInclude>
    <ClInclude Include="LineDetection.h">
      <Filter>Header Files</Filter>
    </ClInclude>
    <ClInclude Include="NeuralNet.h">
      <Filter>Header Files</Filter>
    </ClInclude>
    <ClInclude Include="reduce2Road.h">
      <Filter>Header Files</Filter>
    </ClInclude>
    <ClInclude Include="Reduce2ROI.h">
      <Filter>Header Files</Filter>
    </ClInclude>
    <ClInclude Include="SignDetector.h">
      <Filter>Header Files</Filter>
    </ClInclude>
    <ClInclude Include="TrainingData.h">
      <Filter>Header Files</Filter>
    </ClInclude>
    <ClInclude Include="MainClass.h">
      <Filter>Header Files</Filter>
    </ClInclude>
    <ClInclude Include="QTTerminal.h">
      <Filter>Header Files</Filter>
    </ClInclude>
    <ClInclude Include="QOpenGLWCustom.h">
      <Filter>Header Files</Filter>
    </ClInclude>
  </ItemGroup>
</Project>